// !$*UTF8*$!
{
	archiveVersion = 1;
	classes = {
	};
	objectVersion = 50;
	objects = {

/* Begin PBXBuildFile section */
		B8E3014620B2DC8800465B3C /* AppDelegate.swift in Sources */ = {isa = PBXBuildFile; fileRef = B8E3014520B2DC8800465B3C /* AppDelegate.swift */; };
		B8E3014820B2DC8800465B3C /* ViewController.swift in Sources */ = {isa = PBXBuildFile; fileRef = B8E3014720B2DC8800465B3C /* ViewController.swift */; };
		B8E3014B20B2DC8800465B3C /* Main.storyboard in Resources */ = {isa = PBXBuildFile; fileRef = B8E3014920B2DC8800465B3C /* Main.storyboard */; };
		B8E3014D20B2DC8900465B3C /* Assets.xcassets in Resources */ = {isa = PBXBuildFile; fileRef = B8E3014C20B2DC8900465B3C /* Assets.xcassets */; };
		B8E3015020B2DC8900465B3C /* LaunchScreen.storyboard in Resources */ = {isa = PBXBuildFile; fileRef = B8E3014E20B2DC8900465B3C /* LaunchScreen.storyboard */; };
		B8E3015B20B2DC8900465B3C /* TestTests.swift in Sources */ = {isa = PBXBuildFile; fileRef = B8E3015A20B2DC8900465B3C /* TestTests.swift */; };
		B8E3016620B2DC8900465B3C /* TestUITests.swift in Sources */ = {isa = PBXBuildFile; fileRef = B8E3016520B2DC8900465B3C /* TestUITests.swift */; };
/* End PBXBuildFile section */

/* Begin PBXContainerItemProxy section */
		B8E3015720B2DC8900465B3C /* PBXContainerItemProxy */ = {
			isa = PBXContainerItemProxy;
			containerPortal = B8E3013A20B2DC8700465B3C /* Project object */;
			proxyType = 1;
			remoteGlobalIDString = B8E3014120B2DC8700465B3C;
			remoteInfo = Test;
		};
		B8E3016220B2DC8900465B3C /* PBXContainerItemProxy */ = {
			isa = PBXContainerItemProxy;
			containerPortal = B8E3013A20B2DC8700465B3C /* Project object */;
			proxyType = 1;
			remoteGlobalIDString = B8E3014120B2DC8700465B3C;
			remoteInfo = Test;
		};
/* End PBXContainerItemProxy section */

/* Begin PBXFileReference section */
		B8E3014220B2DC8700465B3C /* Test.app */ = {isa = PBXFileReference; explicitFileType = wrapper.application; includeInIndex = 0; path = Test.app; sourceTree = BUILT_PRODUCTS_DIR; };
		B8E3014520B2DC8800465B3C /* AppDelegate.swift */ = {isa = PBXFileReference; lastKnownFileType = sourcecode.swift; path = AppDelegate.swift; sourceTree = "<group>"; };
		B8E3014720B2DC8800465B3C /* ViewController.swift */ = {isa = PBXFileReference; lastKnownFileType = sourcecode.swift; path = ViewController.swift; sourceTree = "<group>"; };
		B8E3014A20B2DC8800465B3C /* Base */ = {isa = PBXFileReference; lastKnownFileType = file.storyboard; name = Base; path = Base.lproj/Main.storyboard; sourceTree = "<group>"; };
		B8E3014C20B2DC8900465B3C /* Assets.xcassets */ = {isa = PBXFileReference; lastKnownFileType = folder.assetcatalog; path = Assets.xcassets; sourceTree = "<group>"; };
		B8E3014F20B2DC8900465B3C /* Base */ = {isa = PBXFileReference; lastKnownFileType = file.storyboard; name = Base; path = Base.lproj/LaunchScreen.storyboard; sourceTree = "<group>"; };
		B8E3015120B2DC8900465B3C /* Info.plist */ = {isa = PBXFileReference; lastKnownFileType = text.plist.xml; path = Info.plist; sourceTree = "<group>"; };
		B8E3015620B2DC8900465B3C /* TestTests.xctest */ = {isa = PBXFileReference; explicitFileType = wrapper.cfbundle; includeInIndex = 0; path = TestTests.xctest; sourceTree = BUILT_PRODUCTS_DIR; };
		B8E3015A20B2DC8900465B3C /* TestTests.swift */ = {isa = PBXFileReference; lastKnownFileType = sourcecode.swift; path = TestTests.swift; sourceTree = "<group>"; };
		B8E3015C20B2DC8900465B3C /* Info.plist */ = {isa = PBXFileReference; lastKnownFileType = text.plist.xml; path = Info.plist; sourceTree = "<group>"; };
		B8E3016120B2DC8900465B3C /* TestUITests.xctest */ = {isa = PBXFileReference; explicitFileType = wrapper.cfbundle; includeInIndex = 0; path = TestUITests.xctest; sourceTree = BUILT_PRODUCTS_DIR; };
		B8E3016520B2DC8900465B3C /* TestUITests.swift */ = {isa = PBXFileReference; lastKnownFileType = sourcecode.swift; path = TestUITests.swift; sourceTree = "<group>"; };
		B8E3016720B2DC8900465B3C /* Info.plist */ = {isa = PBXFileReference; lastKnownFileType = text.plist.xml; path = Info.plist; sourceTree = "<group>"; };
/* End PBXFileReference section */

/* Begin PBXFrameworksBuildPhase section */
		B8E3013F20B2DC8700465B3C /* Frameworks */ = {
			isa = PBXFrameworksBuildPhase;
			buildActionMask = 2147483647;
			files = (
			);
			runOnlyForDeploymentPostprocessing = 0;
		};
		B8E3015320B2DC8900465B3C /* Frameworks */ = {
			isa = PBXFrameworksBuildPhase;
			buildActionMask = 2147483647;
			files = (
			);
			runOnlyForDeploymentPostprocessing = 0;
		};
		B8E3015E20B2DC8900465B3C /* Frameworks */ = {
			isa = PBXFrameworksBuildPhase;
			buildActionMask = 2147483647;
			files = (
			);
			runOnlyForDeploymentPostprocessing = 0;
		};
/* End PBXFrameworksBuildPhase section */

/* Begin PBXGroup section */
		B8E3013920B2DC8700465B3C = {
			isa = PBXGroup;
			children = (
				B8E3014420B2DC8700465B3C /* Test */,
				B8E3015920B2DC8900465B3C /* TestTests */,
				B8E3016420B2DC8900465B3C /* TestUITests */,
				B8E3014320B2DC8700465B3C /* Products */,
			);
			sourceTree = "<group>";
		};
		B8E3014320B2DC8700465B3C /* Products */ = {
			isa = PBXGroup;
			children = (
				B8E3014220B2DC8700465B3C /* Test.app */,
				B8E3015620B2DC8900465B3C /* TestTests.xctest */,
				B8E3016120B2DC8900465B3C /* TestUITests.xctest */,
			);
			name = Products;
			sourceTree = "<group>";
		};
		B8E3014420B2DC8700465B3C /* Test */ = {
			isa = PBXGroup;
			children = (
				B8E3014520B2DC8800465B3C /* AppDelegate.swift */,
				B8E3014720B2DC8800465B3C /* ViewController.swift */,
				B8E3014920B2DC8800465B3C /* Main.storyboard */,
				B8E3014C20B2DC8900465B3C /* Assets.xcassets */,
				B8E3014E20B2DC8900465B3C /* LaunchScreen.storyboard */,
				B8E3015120B2DC8900465B3C /* Info.plist */,
			);
			path = Test;
			sourceTree = "<group>";
		};
		B8E3015920B2DC8900465B3C /* TestTests */ = {
			isa = PBXGroup;
			children = (
				B8E3015A20B2DC8900465B3C /* TestTests.swift */,
				B8E3015C20B2DC8900465B3C /* Info.plist */,
			);
			path = TestTests;
			sourceTree = "<group>";
		};
		B8E3016420B2DC8900465B3C /* TestUITests */ = {
			isa = PBXGroup;
			children = (
				B8E3016520B2DC8900465B3C /* TestUITests.swift */,
				B8E3016720B2DC8900465B3C /* Info.plist */,
			);
			path = TestUITests;
			sourceTree = "<group>";
		};
/* End PBXGroup section */

/* Begin PBXNativeTarget section */
		B8E3014120B2DC8700465B3C /* Test */ = {
			isa = PBXNativeTarget;
			buildConfigurationList = B8E3016A20B2DC8900465B3C /* Build configuration list for PBXNativeTarget "Test" */;
			buildPhases = (
				B8E3013E20B2DC8700465B3C /* Sources */,
				B8E3013F20B2DC8700465B3C /* Frameworks */,
				B8E3014020B2DC8700465B3C /* Resources */,
			);
			buildRules = (
			);
			dependencies = (
			);
			name = Test;
			productName = Test;
			productReference = B8E3014220B2DC8700465B3C /* Test.app */;
			productType = "com.apple.product-type.application";
		};
		B8E3015520B2DC8900465B3C /* TestTests */ = {
			isa = PBXNativeTarget;
			buildConfigurationList = B8E3016D20B2DC8900465B3C /* Build configuration list for PBXNativeTarget "TestTests" */;
			buildPhases = (
				B8E3015220B2DC8900465B3C /* Sources */,
				B8E3015320B2DC8900465B3C /* Frameworks */,
				B8E3015420B2DC8900465B3C /* Resources */,
			);
			buildRules = (
			);
			dependencies = (
				B8E3015820B2DC8900465B3C /* PBXTargetDependency */,
			);
			name = TestTests;
			productName = TestTests;
			productReference = B8E3015620B2DC8900465B3C /* TestTests.xctest */;
			productType = "com.apple.product-type.bundle.unit-test";
		};
		B8E3016020B2DC8900465B3C /* TestUITests */ = {
			isa = PBXNativeTarget;
			buildConfigurationList = B8E3017020B2DC8900465B3C /* Build configuration list for PBXNativeTarget "TestUITests" */;
			buildPhases = (
				B8E3015D20B2DC8900465B3C /* Sources */,
				B8E3015E20B2DC8900465B3C /* Frameworks */,
				B8E3015F20B2DC8900465B3C /* Resources */,
			);
			buildRules = (
			);
			dependencies = (
				B8E3016320B2DC8900465B3C /* PBXTargetDependency */,
			);
			name = TestUITests;
			productName = TestUITests;
			productReference = B8E3016120B2DC8900465B3C /* TestUITests.xctest */;
			productType = "com.apple.product-type.bundle.ui-testing";
		};
/* End PBXNativeTarget section */

/* Begin PBXProject section */
		B8E3013A20B2DC8700465B3C /* Project object */ = {
			isa = PBXProject;
			attributes = {
				LastSwiftUpdateCheck = 0930;
				LastUpgradeCheck = 0930;
				ORGANIZATIONNAME = Coder.flower;
				TargetAttributes = {
					B8E3014120B2DC8700465B3C = {
						CreatedOnToolsVersion = 9.3.1;
					};
					B8E3015520B2DC8900465B3C = {
						CreatedOnToolsVersion = 9.3.1;
						TestTargetID = B8E3014120B2DC8700465B3C;
					};
					B8E3016020B2DC8900465B3C = {
						CreatedOnToolsVersion = 9.3.1;
						TestTargetID = B8E3014120B2DC8700465B3C;
					};
				};
			};
			buildConfigurationList = B8E3013D20B2DC8700465B3C /* Build configuration list for PBXProject "Test" */;
			compatibilityVersion = "Xcode 9.3";
			developmentRegion = en;
			hasScannedForEncodings = 0;
			knownRegions = (
				en,
				Base,
			);
			mainGroup = B8E3013920B2DC8700465B3C;
			productRefGroup = B8E3014320B2DC8700465B3C /* Products */;
			projectDirPath = "";
			projectRoot = "";
			targets = (
				B8E3014120B2DC8700465B3C /* Test */,
				B8E3015520B2DC8900465B3C /* TestTests */,
				B8E3016020B2DC8900465B3C /* TestUITests */,
			);
		};
/* End PBXProject section */

/* Begin PBXResourcesBuildPhase section */
		B8E3014020B2DC8700465B3C /* Resources */ = {
			isa = PBXResourcesBuildPhase;
			buildActionMask = 2147483647;
			files = (
				B8E3015020B2DC8900465B3C /* LaunchScreen.storyboard in Resources */,
				B8E3014D20B2DC8900465B3C /* Assets.xcassets in Resources */,
				B8E3014B20B2DC8800465B3C /* Main.storyboard in Resources */,
			);
			runOnlyForDeploymentPostprocessing = 0;
		};
		B8E3015420B2DC8900465B3C /* Resources */ = {
			isa = PBXResourcesBuildPhase;
			buildActionMask = 2147483647;
			files = (
			);
			runOnlyForDeploymentPostprocessing = 0;
		};
		B8E3015F20B2DC8900465B3C /* Resources */ = {
			isa = PBXResourcesBuildPhase;
			buildActionMask = 2147483647;
			files = (
			);
			runOnlyForDeploymentPostprocessing = 0;
		};
/* End PBXResourcesBuildPhase section */

/* Begin PBXSourcesBuildPhase section */
		B8E3013E20B2DC8700465B3C /* Sources */ = {
			isa = PBXSourcesBuildPhase;
			buildActionMask = 2147483647;
			files = (
				B8E3014820B2DC8800465B3C /* ViewController.swift in Sources */,
				B8E3014620B2DC8800465B3C /* AppDelegate.swift in Sources */,
			);
			runOnlyForDeploymentPostprocessing = 0;
		};
		B8E3015220B2DC8900465B3C /* Sources */ = {
			isa = PBXSourcesBuildPhase;
			buildActionMask = 2147483647;
			files = (
				B8E3015B20B2DC8900465B3C /* TestTests.swift in Sources */,
			);
			runOnlyForDeploymentPostprocessing = 0;
		};
		B8E3015D20B2DC8900465B3C /* Sources */ = {
			isa = PBXSourcesBuildPhase;
			buildActionMask = 2147483647;
			files = (
				B8E3016620B2DC8900465B3C /* TestUITests.swift in Sources */,
			);
			runOnlyForDeploymentPostprocessing = 0;
		};
/* End PBXSourcesBuildPhase section */

/* Begin PBXTargetDependency section */
		B8E3015820B2DC8900465B3C /* PBXTargetDependency */ = {
			isa = PBXTargetDependency;
			target = B8E3014120B2DC8700465B3C /* Test */;
			targetProxy = B8E3015720B2DC8900465B3C /* PBXContainerItemProxy */;
		};
		B8E3016320B2DC8900465B3C /* PBXTargetDependency */ = {
			isa = PBXTargetDependency;
			target = B8E3014120B2DC8700465B3C /* Test */;
			targetProxy = B8E3016220B2DC8900465B3C /* PBXContainerItemProxy */;
		};
/* End PBXTargetDependency section */

/* Begin PBXVariantGroup section */
		B8E3014920B2DC8800465B3C /* Main.storyboard */ = {
			isa = PBXVariantGroup;
			children = (
				B8E3014A20B2DC8800465B3C /* Base */,
			);
			name = Main.storyboard;
			sourceTree = "<group>";
		};
		B8E3014E20B2DC8900465B3C /* LaunchScreen.storyboard */ = {
			isa = PBXVariantGroup;
			children = (
				B8E3014F20B2DC8900465B3C /* Base */,
			);
			name = LaunchScreen.storyboard;
			sourceTree = "<group>";
		};
/* End PBXVariantGroup section */

/* Begin XCBuildConfiguration section */
		B8E3016820B2DC8900465B3C /* Debug */ = {
			isa = XCBuildConfiguration;
			buildSettings = {
				ALWAYS_SEARCH_USER_PATHS = NO;
				CLANG_ANALYZER_NONNULL = YES;
				CLANG_ANALYZER_NUMBER_OBJECT_CONVERSION = YES_AGGRESSIVE;
				CLANG_CXX_LANGUAGE_STANDARD = "gnu++14";
				CLANG_CXX_LIBRARY = "libc++";
				CLANG_ENABLE_MODULES = YES;
				CLANG_ENABLE_OBJC_ARC = YES;
				CLANG_ENABLE_OBJC_WEAK = YES;
				CLANG_WARN_BLOCK_CAPTURE_AUTORELEASING = YES;
				CLANG_WARN_BOOL_CONVERSION = YES;
				CLANG_WARN_COMMA = YES;
				CLANG_WARN_CONSTANT_CONVERSION = YES;
				CLANG_WARN_DEPRECATED_OBJC_IMPLEMENTATIONS = YES;
				CLANG_WARN_DIRECT_OBJC_ISA_USAGE = YES_ERROR;
				CLANG_WARN_DOCUMENTATION_COMMENTS = YES;
				CLANG_WARN_EMPTY_BODY = YES;
				CLANG_WARN_ENUM_CONVERSION = YES;
				CLANG_WARN_INFINITE_RECURSION = YES;
				CLANG_WARN_INT_CONVERSION = YES;
				CLANG_WARN_NON_LITERAL_NULL_CONVERSION = YES;
				CLANG_WARN_OBJC_IMPLICIT_RETAIN_SELF = YES;
				CLANG_WARN_OBJC_LITERAL_CONVERSION = YES;
				CLANG_WARN_OBJC_ROOT_CLASS = YES_ERROR;
				CLANG_WARN_RANGE_LOOP_ANALYSIS = YES;
				CLANG_WARN_STRICT_PROTOTYPES = YES;
				CLANG_WARN_SUSPICIOUS_MOVE = YES;
				CLANG_WARN_UNGUARDED_AVAILABILITY = YES_AGGRESSIVE;
				CLANG_WARN_UNREACHABLE_CODE = YES;
				CLANG_WARN__DUPLICATE_METHOD_MATCH = YES;
				CODE_SIGN_IDENTITY = "iPhone Developer";
				COPY_PHASE_STRIP = NO;
				DEBUG_INFORMATION_FORMAT = dwarf;
				ENABLE_STRICT_OBJC_MSGSEND = YES;
				ENABLE_TESTABILITY = YES;
				GCC_C_LANGUAGE_STANDARD = gnu11;
				GCC_DYNAMIC_NO_PIC = NO;
				GCC_NO_COMMON_BLOCKS = YES;
				GCC_OPTIMIZATION_LEVEL = 0;
				GCC_PREPROCESSOR_DEFINITIONS = (
					"DEBUG=1",
					"$(inherited)",
				);
				GCC_WARN_64_TO_32_BIT_CONVERSION = YES;
				GCC_WARN_ABOUT_RETURN_TYPE = YES_ERROR;
				GCC_WARN_UNDECLARED_SELECTOR = YES;
				GCC_WARN_UNINITIALIZED_AUTOS = YES_AGGRESSIVE;
				GCC_WARN_UNUSED_FUNCTION = YES;
				GCC_WARN_UNUSED_VARIABLE = YES;
				IPHONEOS_DEPLOYMENT_TARGET = 11.3;
				MTL_ENABLE_DEBUG_INFO = YES;
				ONLY_ACTIVE_ARCH = YES;
				SDKROOT = iphoneos;
				SWIFT_ACTIVE_COMPILATION_CONDITIONS = DEBUG;
				SWIFT_OPTIMIZATION_LEVEL = "-Onone";
			};
			name = Debug;
		};
		B8E3016920B2DC8900465B3C /* Release */ = {
			isa = XCBuildConfiguration;
			buildSettings = {
				ALWAYS_SEARCH_USER_PATHS = NO;
				CLANG_ANALYZER_NONNULL = YES;
				CLANG_ANALYZER_NUMBER_OBJECT_CONVERSION = YES_AGGRESSIVE;
				CLANG_CXX_LANGUAGE_STANDARD = "gnu++14";
				CLANG_CXX_LIBRARY = "libc++";
				CLANG_ENABLE_MODULES = YES;
				CLANG_ENABLE_OBJC_ARC = YES;
				CLANG_ENABLE_OBJC_WEAK = YES;
				CLANG_WARN_BLOCK_CAPTURE_AUTORELEASING = YES;
				CLANG_WARN_BOOL_CONVERSION = YES;
				CLANG_WARN_COMMA = YES;
				CLANG_WARN_CONSTANT_CONVERSION = YES;
				CLANG_WARN_DEPRECATED_OBJC_IMPLEMENTATIONS = YES;
				CLANG_WARN_DIRECT_OBJC_ISA_USAGE = YES_ERROR;
				CLANG_WARN_DOCUMENTATION_COMMENTS = YES;
				CLANG_WARN_EMPTY_BODY = YES;
				CLANG_WARN_ENUM_CONVERSION = YES;
				CLANG_WARN_INFINITE_RECURSION = YES;
				CLANG_WARN_INT_CONVERSION = YES;
				CLANG_WARN_NON_LITERAL_NULL_CONVERSION = YES;
				CLANG_WARN_OBJC_IMPLICIT_RETAIN_SELF = YES;
				CLANG_WARN_OBJC_LITERAL_CONVERSION = YES;
				CLANG_WARN_OBJC_ROOT_CLASS = YES_ERROR;
				CLANG_WARN_RANGE_LOOP_ANALYSIS = YES;
				CLANG_WARN_STRICT_PROTOTYPES = YES;
				CLANG_WARN_SUSPICIOUS_MOVE = YES;
				CLANG_WARN_UNGUARDED_AVAILABILITY = YES_AGGRESSIVE;
				CLANG_WARN_UNREACHABLE_CODE = YES;
				CLANG_WARN__DUPLICATE_METHOD_MATCH = YES;
				CODE_SIGN_IDENTITY = "iPhone Developer";
				COPY_PHASE_STRIP = NO;
				DEBUG_INFORMATION_FORMAT = "dwarf-with-dsym";
				ENABLE_NS_ASSERTIONS = NO;
				ENABLE_STRICT_OBJC_MSGSEND = YES;
				GCC_C_LANGUAGE_STANDARD = gnu11;
				GCC_NO_COMMON_BLOCKS = YES;
				GCC_WARN_64_TO_32_BIT_CONVERSION = YES;
				GCC_WARN_ABOUT_RETURN_TYPE = YES_ERROR;
				GCC_WARN_UNDECLARED_SELECTOR = YES;
				GCC_WARN_UNINITIALIZED_AUTOS = YES_AGGRESSIVE;
				GCC_WARN_UNUSED_FUNCTION = YES;
				GCC_WARN_UNUSED_VARIABLE = YES;
				IPHONEOS_DEPLOYMENT_TARGET = 11.3;
				MTL_ENABLE_DEBUG_INFO = NO;
				SDKROOT = iphoneos;
				SWIFT_COMPILATION_MODE = wholemodule;
				SWIFT_OPTIMIZATION_LEVEL = "-O";
				VALIDATE_PRODUCT = YES;
			};
			name = Release;
		};
		B8E3016B20B2DC8900465B3C /* Debug */ = {
			isa = XCBuildConfiguration;
			buildSettings = {
				ASSETCATALOG_COMPILER_APPICON_NAME = AppIcon;
				CODE_SIGN_STYLE = Automatic;
				INFOPLIST_FILE = Test/Info.plist;
				LD_RUNPATH_SEARCH_PATHS = (
					"$(inherited)",
					"@executable_path/Frameworks",
				);
				PRODUCT_BUNDLE_IDENTIFIER = com.caiflower.Test;
				PRODUCT_NAME = "$(TARGET_NAME)";
				SWIFT_VERSION = 4.0;
				TARGETED_DEVICE_FAMILY = "1,2";
			};
			name = Debug;
		};
		B8E3016C20B2DC8900465B3C /* Release */ = {
			isa = XCBuildConfiguration;
			buildSettings = {
				ASSETCATALOG_COMPILER_APPICON_NAME = AppIcon;
				CODE_SIGN_STYLE = Automatic;
				INFOPLIST_FILE = Test/Info.plist;
				LD_RUNPATH_SEARCH_PATHS = (
					"$(inherited)",
					"@executable_path/Frameworks",
				);
				PRODUCT_BUNDLE_IDENTIFIER = com.caiflower.Test;
				PRODUCT_NAME = "$(TARGET_NAME)";
				SWIFT_VERSION = 4.0;
				TARGETED_DEVICE_FAMILY = "1,2";
			};
			name = Release;
		};
		B8E3016E20B2DC8900465B3C /* Debug */ = {
			isa = XCBuildConfiguration;
			buildSettings = {
				ALWAYS_EMBED_SWIFT_STANDARD_LIBRARIES = YES;
				BUNDLE_LOADER = "$(TEST_HOST)";
				CODE_SIGN_STYLE = Automatic;
				INFOPLIST_FILE = TestTests/Info.plist;
				LD_RUNPATH_SEARCH_PATHS = (
					"$(inherited)",
					"@executable_path/Frameworks",
					"@loader_path/Frameworks",
				);
				PRODUCT_BUNDLE_IDENTIFIER = com.caiflower.TestTests;
				PRODUCT_NAME = "$(TARGET_NAME)";
				SWIFT_VERSION = 4.0;
				TARGETED_DEVICE_FAMILY = "1,2";
				TEST_HOST = "$(BUILT_PRODUCTS_DIR)/Test.app/Test";
			};
			name = Debug;
		};
		B8E3016F20B2DC8900465B3C /* Release */ = {
			isa = XCBuildConfiguration;
			buildSettings = {
				ALWAYS_EMBED_SWIFT_STANDARD_LIBRARIES = YES;
				BUNDLE_LOADER = "$(TEST_HOST)";
				CODE_SIGN_STYLE = Automatic;
				INFOPLIST_FILE = TestTests/Info.plist;
				LD_RUNPATH_SEARCH_PATHS = (
					"$(inherited)",
					"@executable_path/Frameworks",
					"@loader_path/Frameworks",
				);
				PRODUCT_BUNDLE_IDENTIFIER = com.caiflower.TestTests;
				PRODUCT_NAME = "$(TARGET_NAME)";
				SWIFT_VERSION = 4.0;
				TARGETED_DEVICE_FAMILY = "1,2";
				TEST_HOST = "$(BUILT_PRODUCTS_DIR)/Test.app/Test";
			};
			name = Release;
		};
		B8E3017120B2DC8900465B3C /* Debug */ = {
			isa = XCBuildConfiguration;
			buildSettings = {
				ALWAYS_EMBED_SWIFT_STANDARD_LIBRARIES = YES;
				CODE_SIGN_STYLE = Automatic;
				INFOPLIST_FILE = TestUITests/Info.plist;
				LD_RUNPATH_SEARCH_PATHS = (
					"$(inherited)",
					"@executable_path/Frameworks",
					"@loader_path/Frameworks",
				);
				PRODUCT_BUNDLE_IDENTIFIER = com.caiflower.TestUITests;
				PRODUCT_NAME = "$(TARGET_NAME)";
				SWIFT_VERSION = 4.0;
				TARGETED_DEVICE_FAMILY = "1,2";
				TEST_TARGET_NAME = Test;
			};
			name = Debug;
		};
		B8E3017220B2DC8900465B3C /* Release */ = {
			isa = XCBuildConfiguration;
			buildSettings = {
				ALWAYS_EMBED_SWIFT_STANDARD_LIBRARIES = YES;
				CODE_SIGN_STYLE = Automatic;
				INFOPLIST_FILE = TestUITests/Info.plist;
				LD_RUNPATH_SEARCH_PATHS = (
					"$(inherited)",
					"@executable_path/Frameworks",
					"@loader_path/Frameworks",
				);
				PRODUCT_BUNDLE_IDENTIFIER = com.caiflower.TestUITests;
				PRODUCT_NAME = "$(TARGET_NAME)";
				SWIFT_VERSION = 4.0;
				TARGETED_DEVICE_FAMILY = "1,2";
				TEST_TARGET_NAME = Test;
			};
			name = Release;
		};
/* End XCBuildConfiguration section */

/* Begin XCConfigurationList section */
		B8E3013D20B2DC8700465B3C /* Build configuration list for PBXProject "Test" */ = {
			isa = XCConfigurationList;
			buildConfigurations = (
				B8E3016820B2DC8900465B3C /* Debug */,
				B8E3016920B2DC8900465B3C /* Release */,
			);
			defaultConfigurationIsVisible = 0;
			defaultConfigurationName = Release;
		};
		B8E3016A20B2DC8900465B3C /* Build configuration list for PBXNativeTarget "Test" */ = {
			isa = XCConfigurationList;
			buildConfigurations = (
				B8E3016B20B2DC8900465B3C /* Debug */,
				B8E3016C20B2DC8900465B3C /* Release */,
			);
			defaultConfigurationIsVisible = 0;
			defaultConfigurationName = Release;
		};
		B8E3016D20B2DC8900465B3C /* Build configuration list for PBXNativeTarget "TestTests" */ = {
			isa = XCConfigurationList;
			buildConfigurations = (
				B8E3016E20B2DC8900465B3C /* Debug */,
				B8E3016F20B2DC8900465B3C /* Release */,
			);
			defaultConfigurationIsVisible = 0;
			defaultConfigurationName = Release;
		};
		B8E3017020B2DC8900465B3C /* Build configuration list for PBXNativeTarget "TestUITests" */ = {
			isa = XCConfigurationList;
			buildConfigurations = (
				B8E3017120B2DC8900465B3C /* Debug */,
				B8E3017220B2DC8900465B3C /* Release */,
			);
			defaultConfigurationIsVisible = 0;
			defaultConfigurationName = Release;
		};
/* End XCConfigurationList section */
	};
	rootObject = B8E3013A20B2DC8700465B3C /* Project object */;
}
